// !$*UTF8*$!
{
	archiveVersion = 1;
	classes = {
	};
	objectVersion = 46;
	objects = {

/* Begin PBXBuildFile section */
		04EEB30A1CE4600300836A43 /* main.m in Sources */ = {isa = PBXBuildFile; fileRef = 04EEB3091CE4600300836A43 /* main.m */; };
		04EEB30D1CE4600300836A43 /* AppDelegate.m in Sources */ = {isa = PBXBuildFile; fileRef = 04EEB30C1CE4600300836A43 /* AppDelegate.m */; };
		04EEB3101CE4600300836A43 /* ViewController.m in Sources */ = {isa = PBXBuildFile; fileRef = 04EEB30F1CE4600300836A43 /* ViewController.m */; };
		04EEB3131CE4600300836A43 /* Main.storyboard in Resources */ = {isa = PBXBuildFile; fileRef = 04EEB3111CE4600300836A43 /* Main.storyboard */; };
		04EEB3151CE4600300836A43 /* Assets.xcassets in Resources */ = {isa = PBXBuildFile; fileRef = 04EEB3141CE4600300836A43 /* Assets.xcassets */; };
		04EEB3181CE4600300836A43 /* LaunchScreen.storyboard in Resources */ = {isa = PBXBuildFile; fileRef = 04EEB3161CE4600300836A43 /* LaunchScreen.storyboard */; };
		04EEB3231CE4600300836A43 /* FPSTests.m in Sources */ = {isa = PBXBuildFile; fileRef = 04EEB3221CE4600300836A43 /* FPSTests.m */; };
		04EEB32E1CE4600300836A43 /* FPSUITests.m in Sources */ = {isa = PBXBuildFile; fileRef = 04EEB32D1CE4600300836A43 /* FPSUITests.m */; };
		04EEB34C1CE4648300836A43 /* FPSLabel.m in Sources */ = {isa = PBXBuildFile; fileRef = 04EEB3491CE4648300836A43 /* FPSLabel.m */; };
		04EEB34D1CE4648300836A43 /* WeakProxy.m in Sources */ = {isa = PBXBuildFile; fileRef = 04EEB34B1CE4648300836A43 /* WeakProxy.m */; };
/* End PBXBuildFile section */

/* Begin PBXContainerItemProxy section */
		04EEB31F1CE4600300836A43 /* PBXContainerItemProxy */ = {
			isa = PBXContainerItemProxy;
			containerPortal = 04EEB2FD1CE4600200836A43 /* Project object */;
			proxyType = 1;
			remoteGlobalIDString = 04EEB3041CE4600200836A43;
			remoteInfo = FPS;
		};
		04EEB32A1CE4600300836A43 /* PBXContainerItemProxy */ = {
			isa = PBXContainerItemProxy;
			containerPortal = 04EEB2FD1CE4600200836A43 /* Project object */;
			proxyType = 1;
			remoteGlobalIDString = 04EEB3041CE4600200836A43;
			remoteInfo = FPS;
		};
/* End PBXContainerItemProxy section */

/* Begin PBXFileReference section */
		04EEB3051CE4600200836A43 /* FPS.app */ = {isa = PBXFileReference; explicitFileType = wrapper.application; includeInIndex = 0; path = FPS.app; sourceTree = BUILT_PRODUCTS_DIR; };
		04EEB3091CE4600300836A43 /* main.m */ = {isa = PBXFileReference; lastKnownFileType = sourcecode.c.objc; path = main.m; sourceTree = "<group>"; };
		04EEB30B1CE4600300836A43 /* AppDelegate.h */ = {isa = PBXFileReference; lastKnownFileType = sourcecode.c.h; path = AppDelegate.h; sourceTree = "<group>"; };
		04EEB30C1CE4600300836A43 /* AppDelegate.m */ = {isa = PBXFileReference; lastKnownFileType = sourcecode.c.objc; path = AppDelegate.m; sourceTree = "<group>"; };
		04EEB30E1CE4600300836A43 /* ViewController.h */ = {isa = PBXFileReference; lastKnownFileType = sourcecode.c.h; path = ViewController.h; sourceTree = "<group>"; };
		04EEB30F1CE4600300836A43 /* ViewController.m */ = {isa = PBXFileReference; lastKnownFileType = sourcecode.c.objc; path = ViewController.m; sourceTree = "<group>"; };
		04EEB3121CE4600300836A43 /* Base */ = {isa = PBXFileReference; lastKnownFileType = file.storyboard; name = Base; path = Base.lproj/Main.storyboard; sourceTree = "<group>"; };
		04EEB3141CE4600300836A43 /* Assets.xcassets */ = {isa = PBXFileReference; lastKnownFileType = folder.assetcatalog; path = Assets.xcassets; sourceTree = "<group>"; };
		04EEB3171CE4600300836A43 /* Base */ = {isa = PBXFileReference; lastKnownFileType = file.storyboard; name = Base; path = Base.lproj/LaunchScreen.storyboard; sourceTree = "<group>"; };
		04EEB3191CE4600300836A43 /* Info.plist */ = {isa = PBXFileReference; lastKnownFileType = text.plist.xml; path = Info.plist; sourceTree = "<group>"; };
		04EEB31E1CE4600300836A43 /* FPSTests.xctest */ = {isa = PBXFileReference; explicitFileType = wrapper.cfbundle; includeInIndex = 0; path = FPSTests.xctest; sourceTree = BUILT_PRODUCTS_DIR; };
		04EEB3221CE4600300836A43 /* FPSTests.m */ = {isa = PBXFileReference; lastKnownFileType = sourcecode.c.objc; path = FPSTests.m; sourceTree = "<group>"; };
		04EEB3241CE4600300836A43 /* Info.plist */ = {isa = PBXFileReference; lastKnownFileType = text.plist.xml; path = Info.plist; sourceTree = "<group>"; };
		04EEB3291CE4600300836A43 /* FPSUITests.xctest */ = {isa = PBXFileReference; explicitFileType = wrapper.cfbundle; includeInIndex = 0; path = FPSUITests.xctest; sourceTree = BUILT_PRODUCTS_DIR; };
		04EEB32D1CE4600300836A43 /* FPSUITests.m */ = {isa = PBXFileReference; lastKnownFileType = sourcecode.c.objc; path = FPSUITests.m; sourceTree = "<group>"; };
		04EEB32F1CE4600300836A43 /* Info.plist */ = {isa = PBXFileReference; lastKnownFileType = text.plist.xml; path = Info.plist; sourceTree = "<group>"; };
		04EEB3481CE4648300836A43 /* FPSLabel.h */ = {isa = PBXFileReference; fileEncoding = 4; lastKnownFileType = sourcecode.c.h; path = FPSLabel.h; sourceTree = "<group>"; };
		04EEB3491CE4648300836A43 /* FPSLabel.m */ = {isa = PBXFileReference; fileEncoding = 4; lastKnownFileType = sourcecode.c.objc; path = FPSLabel.m; sourceTree = "<group>"; };
		04EEB34A1CE4648300836A43 /* WeakProxy.h */ = {isa = PBXFileReference; fileEncoding = 4; lastKnownFileType = sourcecode.c.h; path = WeakProxy.h; sourceTree = "<group>"; };
		04EEB34B1CE4648300836A43 /* WeakProxy.m */ = {isa = PBXFileReference; fileEncoding = 4; lastKnownFileType = sourcecode.c.objc; path = WeakProxy.m; sourceTree = "<group>"; };
/* End PBXFileReference section */

/* Begin PBXFrameworksBuildPhase section */
		04EEB3021CE4600200836A43 /* Frameworks */ = {
			isa = PBXFrameworksBuildPhase;
			buildActionMask = 2147483647;
			files = (
			);
			runOnlyForDeploymentPostprocessing = 0;
		};
		04EEB31B1CE4600300836A43 /* Frameworks */ = {
			isa = PBXFrameworksBuildPhase;
			buildActionMask = 2147483647;
			files = (
			);
			runOnlyForDeploymentPostprocessing = 0;
		};
		04EEB3261CE4600300836A43 /* Frameworks */ = {
			isa = PBXFrameworksBuildPhase;
			buildActionMask = 2147483647;
			files = (
			);
			runOnlyForDeploymentPostprocessing = 0;
		};
/* End PBXFrameworksBuildPhase section */

/* Begin PBXGroup section */
		04EEB2FC1CE4600200836A43 = {
			isa = PBXGroup;
			children = (
				04EEB3071CE4600300836A43 /* FPS */,
				04EEB3211CE4600300836A43 /* FPSTests */,
				04EEB32C1CE4600300836A43 /* FPSUITests */,
				04EEB3061CE4600200836A43 /* Products */,
			);
			sourceTree = "<group>";
		};
		04EEB3061CE4600200836A43 /* Products */ = {
			isa = PBXGroup;
			children = (
				04EEB3051CE4600200836A43 /* FPS.app */,
				04EEB31E1CE4600300836A43 /* FPSTests.xctest */,
				04EEB3291CE4600300836A43 /* FPSUITests.xctest */,
			);
			name = Products;
			sourceTree = "<group>";
		};
		04EEB3071CE4600300836A43 /* FPS */ = {
			isa = PBXGroup;
			children = (
				04EEB3471CE4648300836A43 /* fps */,
				04EEB30B1CE4600300836A43 /* AppDelegate.h */,
				04EEB30C1CE4600300836A43 /* AppDelegate.m */,
				04EEB30E1CE4600300836A43 /* ViewController.h */,
				04EEB30F1CE4600300836A43 /* ViewController.m */,
				04EEB3111CE4600300836A43 /* Main.storyboard */,
				04EEB3141CE4600300836A43 /* Assets.xcassets */,
				04EEB3161CE4600300836A43 /* LaunchScreen.storyboard */,
				04EEB3191CE4600300836A43 /* Info.plist */,
				04EEB3081CE4600300836A43 /* Supporting Files */,
			);
			path = FPS;
			sourceTree = "<group>";
		};
		04EEB3081CE4600300836A43 /* Supporting Files */ = {
			isa = PBXGroup;
			children = (
				04EEB3091CE4600300836A43 /* main.m */,
			);
			name = "Supporting Files";
			sourceTree = "<group>";
		};
		04EEB3211CE4600300836A43 /* FPSTests */ = {
			isa = PBXGroup;
			children = (
				04EEB3221CE4600300836A43 /* FPSTests.m */,
				04EEB3241CE4600300836A43 /* Info.plist */,
			);
			path = FPSTests;
			sourceTree = "<group>";
		};
		04EEB32C1CE4600300836A43 /* FPSUITests */ = {
			isa = PBXGroup;
			children = (
				04EEB32D1CE4600300836A43 /* FPSUITests.m */,
				04EEB32F1CE4600300836A43 /* Info.plist */,
			);
			path = FPSUITests;
			sourceTree = "<group>";
		};
		04EEB3471CE4648300836A43 /* fps */ = {
			isa = PBXGroup;
			children = (
				04EEB3481CE4648300836A43 /* FPSLabel.h */,
				04EEB3491CE4648300836A43 /* FPSLabel.m */,
				04EEB34A1CE4648300836A43 /* WeakProxy.h */,
				04EEB34B1CE4648300836A43 /* WeakProxy.m */,
			);
			path = fps;
			sourceTree = "<group>";
		};
/* End PBXGroup section */

/* Begin PBXNativeTarget section */
		04EEB3041CE4600200836A43 /* FPS */ = {
			isa = PBXNativeTarget;
			buildConfigurationList = 04EEB3321CE4600300836A43 /* Build configuration list for PBXNativeTarget "FPS" */;
			buildPhases = (
				04EEB3011CE4600200836A43 /* Sources */,
				04EEB3021CE4600200836A43 /* Frameworks */,
				04EEB3031CE4600200836A43 /* Resources */,
			);
			buildRules = (
			);
			dependencies = (
			);
			name = FPS;
			productName = FPS;
			productReference = 04EEB3051CE4600200836A43 /* FPS.app */;
			productType = "com.apple.product-type.application";
		};
		04EEB31D1CE4600300836A43 /* FPSTests */ = {
			isa = PBXNativeTarget;
			buildConfigurationList = 04EEB3351CE4600300836A43 /* Build configuration list for PBXNativeTarget "FPSTests" */;
			buildPhases = (
				04EEB31A1CE4600300836A43 /* Sources */,
				04EEB31B1CE4600300836A43 /* Frameworks */,
				04EEB31C1CE4600300836A43 /* Resources */,
			);
			buildRules = (
			);
			dependencies = (
				04EEB3201CE4600300836A43 /* PBXTargetDependency */,
			);
			name = FPSTests;
			productName = FPSTests;
			productReference = 04EEB31E1CE4600300836A43 /* FPSTests.xctest */;
			productType = "com.apple.product-type.bundle.unit-test";
		};
		04EEB3281CE4600300836A43 /* FPSUITests */ = {
			isa = PBXNativeTarget;
			buildConfigurationList = 04EEB3381CE4600300836A43 /* Build configuration list for PBXNativeTarget "FPSUITests" */;
			buildPhases = (
				04EEB3251CE4600300836A43 /* Sources */,
				04EEB3261CE4600300836A43 /* Frameworks */,
				04EEB3271CE4600300836A43 /* Resources */,
			);
			buildRules = (
			);
			dependencies = (
				04EEB32B1CE4600300836A43 /* PBXTargetDependency */,
			);
			name = FPSUITests;
			productName = FPSUITests;
			productReference = 04EEB3291CE4600300836A43 /* FPSUITests.xctest */;
			productType = "com.apple.product-type.bundle.ui-testing";
		};
/* End PBXNativeTarget section */

/* Begin PBXProject section */
		04EEB2FD1CE4600200836A43 /* Project object */ = {
			isa = PBXProject;
			attributes = {
				LastUpgradeCheck = 0730;
				ORGANIZATIONNAME = wyq;
				TargetAttributes = {
					04EEB3041CE4600200836A43 = {
						CreatedOnToolsVersion = 7.3.1;
					};
					04EEB31D1CE4600300836A43 = {
						CreatedOnToolsVersion = 7.3.1;
						TestTargetID = 04EEB3041CE4600200836A43;
					};
					04EEB3281CE4600300836A43 = {
						CreatedOnToolsVersion = 7.3.1;
						TestTargetID = 04EEB3041CE4600200836A43;
					};
				};
			};
			buildConfigurationList = 04EEB3001CE4600200836A43 /* Build configuration list for PBXProject "FPS" */;
			compatibilityVersion = "Xcode 3.2";
			developmentRegion = English;
			hasScannedForEncodings = 0;
			knownRegions = (
				en,
				Base,
			);
			mainGroup = 04EEB2FC1CE4600200836A43;
			productRefGroup = 04EEB3061CE4600200836A43 /* Products */;
			projectDirPath = "";
			projectRoot = "";
			targets = (
				04EEB3041CE4600200836A43 /* FPS */,
				04EEB31D1CE4600300836A43 /* FPSTests */,
				04EEB3281CE4600300836A43 /* FPSUITests */,
			);
		};
/* End PBXProject section */

/* Begin PBXResourcesBuildPhase section */
		04EEB3031CE4600200836A43 /* Resources */ = {
			isa = PBXResourcesBuildPhase;
			buildActionMask = 2147483647;
			files = (
				04EEB3181CE4600300836A43 /* LaunchScreen.storyboard in Resources */,
				04EEB3151CE4600300836A43 /* Assets.xcassets in Resources */,
				04EEB3131CE4600300836A43 /* Main.storyboard in Resources */,
			);
			runOnlyForDeploymentPostprocessing = 0;
		};
		04EEB31C1CE4600300836A43 /* Resources */ = {
			isa = PBXResourcesBuildPhase;
			buildActionMask = 2147483647;
			files = (
			);
			runOnlyForDeploymentPostprocessing = 0;
		};
		04EEB3271CE4600300836A43 /* Resources */ = {
			isa = PBXResourcesBuildPhase;
			buildActionMask = 2147483647;
			files = (
			);
			runOnlyForDeploymentPostprocessing = 0;
		};
/* End PBXResourcesBuildPhase section */

/* Begin PBXSourcesBuildPhase section */
		04EEB3011CE4600200836A43 /* Sources */ = {
			isa = PBXSourcesBuildPhase;
			buildActionMask = 2147483647;
			files = (
				04EEB34D1CE4648300836A43 /* WeakProxy.m in Sources */,
				04EEB3101CE4600300836A43 /* ViewController.m in Sources */,
				04EEB30D1CE4600300836A43 /* AppDelegate.m in Sources */,
				04EEB34C1CE4648300836A43 /* FPSLabel.m in Sources */,
				04EEB30A1CE4600300836A43 /* main.m in Sources */,
			);
			runOnlyForDeploymentPostprocessing = 0;
		};
		04EEB31A1CE4600300836A43 /* Sources */ = {
			isa = PBXSourcesBuildPhase;
			buildActionMask = 2147483647;
			files = (
				04EEB3231CE4600300836A43 /* FPSTests.m in Sources */,
			);
			runOnlyForDeploymentPostprocessing = 0;
		};
		04EEB3251CE4600300836A43 /* Sources */ = {
			isa = PBXSourcesBuildPhase;
			buildActionMask = 2147483647;
			files = (
				04EEB32E1CE4600300836A43 /* FPSUITests.m in Sources */,
			);
			runOnlyForDeploymentPostprocessing = 0;
		};
/* End PBXSourcesBuildPhase section */

/* Begin PBXTargetDependency section */
		04EEB3201CE4600300836A43 /* PBXTargetDependency */ = {
			isa = PBXTargetDependency;
			target = 04EEB3041CE4600200836A43 /* FPS */;
			targetProxy = 04EEB31F1CE4600300836A43 /* PBXContainerItemProxy */;
		};
		04EEB32B1CE4600300836A43 /* PBXTargetDependency */ = {
			isa = PBXTargetDependency;
			target = 04EEB3041CE4600200836A43 /* FPS */;
			targetProxy = 04EEB32A1CE4600300836A43 /* PBXContainerItemProxy */;
		};
/* End PBXTargetDependency section */

/* Begin PBXVariantGroup section */
		04EEB3111CE4600300836A43 /* Main.storyboard */ = {
			isa = PBXVariantGroup;
			children = (
				04EEB3121CE4600300836A43 /* Base */,
			);
			name = Main.storyboard;
			sourceTree = "<group>";
		};
		04EEB3161CE4600300836A43 /* LaunchScreen.storyboard */ = {
			isa = PBXVariantGroup;
			children = (
				04EEB3171CE4600300836A43 /* Base */,
			);
			name = LaunchScreen.storyboard;
			sourceTree = "<group>";
		};
/* End PBXVariantGroup section */

/* Begin XCBuildConfiguration section */
		04EEB3301CE4600300836A43 /* Debug */ = {
			isa = XCBuildConfiguration;
			buildSettings = {
				ALWAYS_SEARCH_USER_PATHS = NO;
				CLANG_ANALYZER_NONNULL = YES;
				CLANG_CXX_LANGUAGE_STANDARD = "gnu++0x";
				CLANG_CXX_LIBRARY = "libc++";
				CLANG_ENABLE_MODULES = YES;
				CLANG_ENABLE_OBJC_ARC = YES;
				CLANG_WARN_BOOL_CONVERSION = YES;
				CLANG_WARN_CONSTANT_CONVERSION = YES;
				CLANG_WARN_DIRECT_OBJC_ISA_USAGE = YES_ERROR;
				CLANG_WARN_EMPTY_BODY = YES;
				CLANG_WARN_ENUM_CONVERSION = YES;
				CLANG_WARN_INT_CONVERSION = YES;
				CLANG_WARN_OBJC_ROOT_CLASS = YES_ERROR;
				CLANG_WARN_UNREACHABLE_CODE = YES;
				CLANG_WARN__DUPLICATE_METHOD_MATCH = YES;
				"CODE_SIGN_IDENTITY[sdk=iphoneos*]" = "iPhone Developer";
				COPY_PHASE_STRIP = NO;
				DEBUG_INFORMATION_FORMAT = dwarf;
				ENABLE_STRICT_OBJC_MSGSEND = YES;
				ENABLE_TESTABILITY = YES;
				GCC_C_LANGUAGE_STANDARD = gnu99;
				GCC_DYNAMIC_NO_PIC = NO;
				GCC_NO_COMMON_BLOCKS = YES;
				GCC_OPTIMIZATION_LEVEL = 0;
				GCC_PREPROCESSOR_DEFINITIONS = (
					"DEBUG=1",
					"$(inherited)",
				);
				GCC_WARN_64_TO_32_BIT_CONVERSION = YES;
				GCC_WARN_ABOUT_RETURN_TYPE = YES_ERROR;
				GCC_WARN_UNDECLARED_SELECTOR = YES;
				GCC_WARN_UNINITIALIZED_AUTOS = YES_AGGRESSIVE;
				GCC_WARN_UNUSED_FUNCTION = YES;
				GCC_WARN_UNUSED_VARIABLE = YES;
				IPHONEOS_DEPLOYMENT_TARGET = 9.3;
				MTL_ENABLE_DEBUG_INFO = YES;
				ONLY_ACTIVE_ARCH = YES;
				SDKROOT = iphoneos;
				TARGETED_DEVICE_FAMILY = "1,2";
			};
			name = Debug;
		};
		04EEB3311CE4600300836A43 /* Release */ = {
			isa = XCBuildConfiguration;
			buildSettings = {
				ALWAYS_SEARCH_USER_PATHS = NO;
				CLANG_ANALYZER_NONNULL = YES;
				CLANG_CXX_LANGUAGE_STANDARD = "gnu++0x";
				CLANG_CXX_LIBRARY = "libc++";
				CLANG_ENABLE_MODULES = YES;
				CLANG_ENABLE_OBJC_ARC = YES;
				CLANG_WARN_BOOL_CONVERSION = YES;
				CLANG_WARN_CONSTANT_CONVERSION = YES;
				CLANG_WARN_DIRECT_OBJC_ISA_USAGE = YES_ERROR;
				CLANG_WARN_EMPTY_BODY = YES;
				CLANG_WARN_ENUM_CONVERSION = YES;
				CLANG_WARN_INT_CONVERSION = YES;
				CLANG_WARN_OBJC_ROOT_CLASS = YES_ERROR;
				CLANG_WARN_UNREACHABLE_CODE = YES;
				CLANG_WARN__DUPLICATE_METHOD_MATCH = YES;
				"CODE_SIGN_IDENTITY[sdk=iphoneos*]" = "iPhone Developer";
				COPY_PHASE_STRIP = NO;
				DEBUG_INFORMATION_FORMAT = "dwarf-with-dsym";
				ENABLE_NS_ASSERTIONS = NO;
				ENABLE_STRICT_OBJC_MSGSEND = YES;
				GCC_C_LANGUAGE_STANDARD = gnu99;
				GCC_NO_COMMON_BLOCKS = YES;
				GCC_WARN_64_TO_32_BIT_CONVERSION = YES;
				GCC_WARN_ABOUT_RETURN_TYPE = YES_ERROR;
				GCC_WARN_UNDECLARED_SELECTOR = YES;
				GCC_WARN_UNINITIALIZED_AUTOS = YES_AGGRESSIVE;
				GCC_WARN_UNUSED_FUNCTION = YES;
				GCC_WARN_UNUSED_VARIABLE = YES;
				IPHONEOS_DEPLOYMENT_TARGET = 9.3;
				MTL_ENABLE_DEBUG_INFO = NO;
				SDKROOT = iphoneos;
				TARGETED_DEVICE_FAMILY = "1,2";
				VALIDATE_PRODUCT = YES;
			};
			name = Release;
		};
		04EEB3331CE4600300836A43 /* Debug */ = {
			isa = XCBuildConfiguration;
			buildSettings = {
				ASSETCATALOG_COMPILER_APPICON_NAME = AppIcon;
				INFOPLIST_FILE = FPS/Info.plist;
				LD_RUNPATH_SEARCH_PATHS = "$(inherited) @executable_path/Frameworks";
				PRODUCT_BUNDLE_IDENTIFIER = mac.FPS;
				PRODUCT_NAME = "$(TARGET_NAME)";
			};
			name = Debug;
		};
		04EEB3341CE4600300836A43 /* Release */ = {
			isa = XCBuildConfiguration;
			buildSettings = {
				ASSETCATALOG_COMPILER_APPICON_NAME = AppIcon;
				INFOPLIST_FILE = FPS/Info.plist;
				LD_RUNPATH_SEARCH_PATHS = "$(inherited) @executable_path/Frameworks";
				PRODUCT_BUNDLE_IDENTIFIER = mac.FPS;
				PRODUCT_NAME = "$(TARGET_NAME)";
			};
			name = Release;
		};
		04EEB3361CE4600300836A43 /* Debug */ = {
			isa = XCBuildConfiguration;
			buildSettings = {
				BUNDLE_LOADER = "$(TEST_HOST)";
				INFOPLIST_FILE = FPSTests/Info.plist;
				LD_RUNPATH_SEARCH_PATHS = "$(inherited) @executable_path/Frameworks @loader_path/Frameworks";
				PRODUCT_BUNDLE_IDENTIFIER = mac.FPSTests;
				PRODUCT_NAME = "$(TARGET_NAME)";
				TEST_HOST = "$(BUILT_PRODUCTS_DIR)/FPS.app/FPS";
			};
			name = Debug;
		};
		04EEB3371CE4600300836A43 /* Release */ = {
			isa = XCBuildConfiguration;
			buildSettings = {
				BUNDLE_LOADER = "$(TEST_HOST)";
				INFOPLIST_FILE = FPSTests/Info.plist;
				LD_RUNPATH_SEARCH_PATHS = "$(inherited) @executable_path/Frameworks @loader_path/Frameworks";
				PRODUCT_BUNDLE_IDENTIFIER = mac.FPSTests;
				PRODUCT_NAME = "$(TARGET_NAME)";
				TEST_HOST = "$(BUILT_PRODUCTS_DIR)/FPS.app/FPS";
			};
			name = Release;
		};
		04EEB3391CE4600300836A43 /* Debug */ = {
			isa = XCBuildConfiguration;
			buildSettings = {
				INFOPLIST_FILE = FPSUITests/Info.plist;
				LD_RUNPATH_SEARCH_PATHS = "$(inherited) @executable_path/Frameworks @loader_path/Frameworks";
				PRODUCT_BUNDLE_IDENTIFIER = mac.FPSUITests;
				PRODUCT_NAME = "$(TARGET_NAME)";
				TEST_TARGET_NAME = FPS;
			};
			name = Debug;
		};
		04EEB33A1CE4600300836A43 /* Release */ = {
			isa = XCBuildConfiguration;
			buildSettings = {
				INFOPLIST_FILE = FPSUITests/Info.plist;
				LD_RUNPATH_SEARCH_PATHS = "$(inherited) @executable_path/Frameworks @loader_path/Frameworks";
				PRODUCT_BUNDLE_IDENTIFIER = mac.FPSUITests;
				PRODUCT_NAME = "$(TARGET_NAME)";
				TEST_TARGET_NAME = FPS;
			};
			name = Release;
		};
/* End XCBuildConfiguration section */

/* Begin XCConfigurationList section */
		04EEB3001CE4600200836A43 /* Build configuration list for PBXProject "FPS" */ = {
			isa = XCConfigurationList;
			buildConfigurations = (
				04EEB3301CE4600300836A43 /* Debug */,
				04EEB3311CE4600300836A43 /* Release */,
			);
			defaultConfigurationIsVisible = 0;
			defaultConfigurationName = Release;
		};
		04EEB3321CE4600300836A43 /* Build configuration list for PBXNativeTarget "FPS" */ = {
			isa = XCConfigurationList;
			buildConfigurations = (
				04EEB3331CE4600300836A43 /* Debug */,
				04EEB3341CE4600300836A43 /* Release */,
			);
			defaultConfigurationIsVisible = 0;
		};
		04EEB3351CE4600300836A43 /* Build configuration list for PBXNativeTarget "FPSTests" */ = {
			isa = XCConfigurationList;
			buildConfigurations = (
				04EEB3361CE4600300836A43 /* Debug */,
				04EEB3371CE4600300836A43 /* Release */,
			);
			defaultConfigurationIsVisible = 0;
		};
		04EEB3381CE4600300836A43 /* Build configuration list for PBXNativeTarget "FPSUITests" */ = {
			isa = XCConfigurationList;
			buildConfigurations = (
				04EEB3391CE4600300836A43 /* Debug */,
				04EEB33A1CE4600300836A43 /* Release */,
			);
			defaultConfigurationIsVisible = 0;
		};
/* End XCConfigurationList section */
	};
	rootObject = 04EEB2FD1CE4600200836A43 /* Project object */;
}
